
Microsoft Visual Studio Solution File, Format Version 12.00
# Visual Studio Version 16
VisualStudioVersion = 16.0.30523.141
MinimumVisualStudioVersion = 10.0.40219.1
Project("{FAE04EC0-301F-11D3-BF4B-00C04F79EFBC}") = "Lab_09_DataReport", "Lab_09_DataReport.csproj", "{F4A8271C-4D60-4377-82B7-67FC3881169A}"
EndProject
Global
	GlobalSection(SolutionConfigurationPlatforms) = preSolution
		Debug|Any CPU = Debug|Any CPU
		Release|Any CPU = Release|Any CPU
	EndGlobalSection
	GlobalSection(ProjectConfigurationPlatforms) = postSolution
		{F4A8271C-4D60-4377-82B7-67FC3881169A}.Debug|Any CPU.ActiveCfg = Debug|Any CPU
		{F4A8271C-4D60-4377-82B7-67FC3881169A}.Debug|Any CPU.Build.0 = Debug|Any CPU
		{F4A8271C-4D60-4377-82B7-67FC3881169A}.Release|Any CPU.ActiveCfg = Release|Any CPU
		{F4A8271C-4D60-4377-82B7-67FC3881169A}.Release|Any CPU.Build.0 = Release|Any CPU
	EndGlobalSection
	GlobalSection(SolutionProperties) = preSolution
		HideSolutionNode = FALSE
	EndGlobalSection
	GlobalSection(ExtensibilityGlobals) = postSolution
		SolutionGuid = {87FB12F4-304D-4DA1-B822-C272484EBB2C}
	EndGlobalSection
EndGlobal
