
Microsoft Visual Studio Solution File, Format Version 12.00
# Visual Studio Version 16
VisualStudioVersion = 16.0.30523.141
MinimumVisualStudioVersion = 10.0.40219.1
Project("{FAE04EC0-301F-11D3-BF4B-00C04F79EFBC}") = "NguyenXuanHuy_DE130146", "NguyenXuanHuy_DE130146.csproj", "{9472B3F9-E463-4CA4-9FAF-C2F5C81F003F}"
EndProject
Global
	GlobalSection(SolutionConfigurationPlatforms) = preSolution
		Debug|Any CPU = Debug|Any CPU
		Release|Any CPU = Release|Any CPU
	EndGlobalSection
	GlobalSection(ProjectConfigurationPlatforms) = postSolution
		{9472B3F9-E463-4CA4-9FAF-C2F5C81F003F}.Debug|Any CPU.ActiveCfg = Debug|Any CPU
		{9472B3F9-E463-4CA4-9FAF-C2F5C81F003F}.Debug|Any CPU.Build.0 = Debug|Any CPU
		{9472B3F9-E463-4CA4-9FAF-C2F5C81F003F}.Release|Any CPU.ActiveCfg = Release|Any CPU
		{9472B3F9-E463-4CA4-9FAF-C2F5C81F003F}.Release|Any CPU.Build.0 = Release|Any CPU
	EndGlobalSection
	GlobalSection(SolutionProperties) = preSolution
		HideSolutionNode = FALSE
	EndGlobalSection
	GlobalSection(ExtensibilityGlobals) = postSolution
		SolutionGuid = {3124BFCE-819A-4F99-A7FB-61A380EE5616}
	EndGlobalSection
EndGlobal
