
Microsoft Visual Studio Solution File, Format Version 12.00
# Visual Studio Version 16
VisualStudioVersion = 16.0.30523.141
MinimumVisualStudioVersion = 10.0.40219.1
Project("{FAE04EC0-301F-11D3-BF4B-00C04F79EFBC}") = "Lab07_QLSV", "Lab07_QLSV.csproj", "{A24007F8-6DC6-4E03-AC28-4A3AEC185C5B}"
EndProject
Global
	GlobalSection(SolutionConfigurationPlatforms) = preSolution
		Debug|Any CPU = Debug|Any CPU
		Release|Any CPU = Release|Any CPU
	EndGlobalSection
	GlobalSection(ProjectConfigurationPlatforms) = postSolution
		{A24007F8-6DC6-4E03-AC28-4A3AEC185C5B}.Debug|Any CPU.ActiveCfg = Debug|Any CPU
		{A24007F8-6DC6-4E03-AC28-4A3AEC185C5B}.Debug|Any CPU.Build.0 = Debug|Any CPU
		{A24007F8-6DC6-4E03-AC28-4A3AEC185C5B}.Release|Any CPU.ActiveCfg = Release|Any CPU
		{A24007F8-6DC6-4E03-AC28-4A3AEC185C5B}.Release|Any CPU.Build.0 = Release|Any CPU
	EndGlobalSection
	GlobalSection(SolutionProperties) = preSolution
		HideSolutionNode = FALSE
	EndGlobalSection
	GlobalSection(ExtensibilityGlobals) = postSolution
		SolutionGuid = {CB23097D-1080-4C43-94AE-CD8259B89D6E}
	EndGlobalSection
EndGlobal
