
Microsoft Visual Studio Solution File, Format Version 12.00
# Visual Studio Version 16
VisualStudioVersion = 16.0.30523.141
MinimumVisualStudioVersion = 10.0.40219.1
Project("{FAE04EC0-301F-11D3-BF4B-00C04F79EFBC}") = "Lab_05_FastFood", "Lab_05_FastFood.csproj", "{A9FE2A46-D5D5-4838-8456-A18F5744625F}"
EndProject
Global
	GlobalSection(SolutionConfigurationPlatforms) = preSolution
		Debug|Any CPU = Debug|Any CPU
		Release|Any CPU = Release|Any CPU
	EndGlobalSection
	GlobalSection(ProjectConfigurationPlatforms) = postSolution
		{A9FE2A46-D5D5-4838-8456-A18F5744625F}.Debug|Any CPU.ActiveCfg = Debug|Any CPU
		{A9FE2A46-D5D5-4838-8456-A18F5744625F}.Debug|Any CPU.Build.0 = Debug|Any CPU
		{A9FE2A46-D5D5-4838-8456-A18F5744625F}.Release|Any CPU.ActiveCfg = Release|Any CPU
		{A9FE2A46-D5D5-4838-8456-A18F5744625F}.Release|Any CPU.Build.0 = Release|Any CPU
	EndGlobalSection
	GlobalSection(SolutionProperties) = preSolution
		HideSolutionNode = FALSE
	EndGlobalSection
	GlobalSection(ExtensibilityGlobals) = postSolution
		SolutionGuid = {CBF02F1F-CBA8-4340-BA8C-C6DEDC8A043B}
	EndGlobalSection
EndGlobal
