
Microsoft Visual Studio Solution File, Format Version 12.00
# Visual Studio Version 16
VisualStudioVersion = 16.0.30523.141
MinimumVisualStudioVersion = 10.0.40219.1
Project("{9A19103F-16F7-4668-BE54-9A1E7A4F7556}") = "LAB2_Vietnamese", "LAB2_Vietnamese.csproj", "{747EF3F6-6E56-4468-9294-DB686D17F088}"
EndProject
Global
	GlobalSection(SolutionConfigurationPlatforms) = preSolution
		Debug|Any CPU = Debug|Any CPU
		Release|Any CPU = Release|Any CPU
	EndGlobalSection
	GlobalSection(ProjectConfigurationPlatforms) = postSolution
		{747EF3F6-6E56-4468-9294-DB686D17F088}.Debug|Any CPU.ActiveCfg = Debug|Any CPU
		{747EF3F6-6E56-4468-9294-DB686D17F088}.Debug|Any CPU.Build.0 = Debug|Any CPU
		{747EF3F6-6E56-4468-9294-DB686D17F088}.Release|Any CPU.ActiveCfg = Release|Any CPU
		{747EF3F6-6E56-4468-9294-DB686D17F088}.Release|Any CPU.Build.0 = Release|Any CPU
	EndGlobalSection
	GlobalSection(SolutionProperties) = preSolution
		HideSolutionNode = FALSE
	EndGlobalSection
	GlobalSection(ExtensibilityGlobals) = postSolution
		SolutionGuid = {89E999D6-343D-4BA0-BDA9-147165119F5F}
	EndGlobalSection
EndGlobal
