
Microsoft Visual Studio Solution File, Format Version 12.00
# Visual Studio Version 16
VisualStudioVersion = 16.0.30523.141
MinimumVisualStudioVersion = 10.0.40219.1
Project("{FAE04EC0-301F-11D3-BF4B-00C04F79EFBC}") = "Lab04_QuanLySinhVien", "Lab04_QuanLySinhVien.csproj", "{33A56147-16F9-478F-82B6-52D170930D13}"
EndProject
Global
	GlobalSection(SolutionConfigurationPlatforms) = preSolution
		Debug|Any CPU = Debug|Any CPU
		Release|Any CPU = Release|Any CPU
	EndGlobalSection
	GlobalSection(ProjectConfigurationPlatforms) = postSolution
		{33A56147-16F9-478F-82B6-52D170930D13}.Debug|Any CPU.ActiveCfg = Debug|Any CPU
		{33A56147-16F9-478F-82B6-52D170930D13}.Debug|Any CPU.Build.0 = Debug|Any CPU
		{33A56147-16F9-478F-82B6-52D170930D13}.Release|Any CPU.ActiveCfg = Release|Any CPU
		{33A56147-16F9-478F-82B6-52D170930D13}.Release|Any CPU.Build.0 = Release|Any CPU
	EndGlobalSection
	GlobalSection(SolutionProperties) = preSolution
		HideSolutionNode = FALSE
	EndGlobalSection
	GlobalSection(ExtensibilityGlobals) = postSolution
		SolutionGuid = {23E76BF1-CA63-4153-BBCE-5F61D87D2877}
	EndGlobalSection
EndGlobal
